
Microsoft Visual Studio Solution File, Format Version 12.00
# Visual Studio Version 17
VisualStudioVersion = 17.1.32328.378
MinimumVisualStudioVersion = 10.0.40219.1
Project("{2150E333-8FDC-42A3-9474-1A3956D46DE8}") = "Core", "Core", "{CD29C185-DC6D-4A1D-8C80-8AC798B2327E}"
EndProject
Project("{2150E333-8FDC-42A3-9474-1A3956D46DE8}") = "Infrastructure", "Infrastructure", "{3D66AFFC-85F9-47A2-B7B3-D74702B01318}"
EndProject
Project("{2150E333-8FDC-42A3-9474-1A3956D46DE8}") = "Presentation", "Presentation", "{2C2A6E1B-FAB1-4E35-AF1F-B48778D4452F}"
EndProject
Project("{2150E333-8FDC-42A3-9474-1A3956D46DE8}") = "Tests", "Tests", "{EC065BFE-3511-4240-8C5F-2A54A2BC5094}"
EndProject
Project("{9A19103F-16F7-4668-BE54-9A1E7A4F7556}") = "Notebook.Domain", "Notebook.Domain\Notebook.Domain.csproj", "{B90A085C-197C-4A4A-B990-58D18899CF5C}"
EndProject
Project("{9A19103F-16F7-4668-BE54-9A1E7A4F7556}") = "Notes.Application", "Notes.Application\Notes.Application.csproj", "{658153CE-AD3B-46F8-AF53-570D63FC1756}"
EndProject
Project("{9A19103F-16F7-4668-BE54-9A1E7A4F7556}") = "Notes.Persistance", "Notes.Persistance\Notes.Persistance.csproj", "{46168B0F-8A58-4A77-B89C-8076111D8BDC}"
EndProject
Project("{9A19103F-16F7-4668-BE54-9A1E7A4F7556}") = "Notes.WebApi", "Notes.WebApi\Notes.WebApi.csproj", "{5D68C82A-0F0A-4A31-A1C8-AF3112D0296C}"
EndProject
Project("{9A19103F-16F7-4668-BE54-9A1E7A4F7556}") = "Notes.Tests", "Notes.Tests\Notes.Tests.csproj", "{F5074543-FDFE-47A9-BFEC-1C3807A7B133}"
EndProject
Global
	GlobalSection(SolutionConfigurationPlatforms) = preSolution
		Debug|Any CPU = Debug|Any CPU
		Release|Any CPU = Release|Any CPU
	EndGlobalSection
	GlobalSection(ProjectConfigurationPlatforms) = postSolution
		{B90A085C-197C-4A4A-B990-58D18899CF5C}.Debug|Any CPU.ActiveCfg = Debug|Any CPU
		{B90A085C-197C-4A4A-B990-58D18899CF5C}.Debug|Any CPU.Build.0 = Debug|Any CPU
		{B90A085C-197C-4A4A-B990-58D18899CF5C}.Release|Any CPU.ActiveCfg = Release|Any CPU
		{B90A085C-197C-4A4A-B990-58D18899CF5C}.Release|Any CPU.Build.0 = Release|Any CPU
		{658153CE-AD3B-46F8-AF53-570D63FC1756}.Debug|Any CPU.ActiveCfg = Debug|Any CPU
		{658153CE-AD3B-46F8-AF53-570D63FC1756}.Debug|Any CPU.Build.0 = Debug|Any CPU
		{658153CE-AD3B-46F8-AF53-570D63FC1756}.Release|Any CPU.ActiveCfg = Release|Any CPU
		{658153CE-AD3B-46F8-AF53-570D63FC1756}.Release|Any CPU.Build.0 = Release|Any CPU
		{46168B0F-8A58-4A77-B89C-8076111D8BDC}.Debug|Any CPU.ActiveCfg = Debug|Any CPU
		{46168B0F-8A58-4A77-B89C-8076111D8BDC}.Debug|Any CPU.Build.0 = Debug|Any CPU
		{46168B0F-8A58-4A77-B89C-8076111D8BDC}.Release|Any CPU.ActiveCfg = Release|Any CPU
		{46168B0F-8A58-4A77-B89C-8076111D8BDC}.Release|Any CPU.Build.0 = Release|Any CPU
		{5D68C82A-0F0A-4A31-A1C8-AF3112D0296C}.Debug|Any CPU.ActiveCfg = Debug|Any CPU
		{5D68C82A-0F0A-4A31-A1C8-AF3112D0296C}.Debug|Any CPU.Build.0 = Debug|Any CPU
		{5D68C82A-0F0A-4A31-A1C8-AF3112D0296C}.Release|Any CPU.ActiveCfg = Release|Any CPU
		{5D68C82A-0F0A-4A31-A1C8-AF3112D0296C}.Release|Any CPU.Build.0 = Release|Any CPU
		{F5074543-FDFE-47A9-BFEC-1C3807A7B133}.Debug|Any CPU.ActiveCfg = Debug|Any CPU
		{F5074543-FDFE-47A9-BFEC-1C3807A7B133}.Debug|Any CPU.Build.0 = Debug|Any CPU
		{F5074543-FDFE-47A9-BFEC-1C3807A7B133}.Release|Any CPU.ActiveCfg = Release|Any CPU
		{F5074543-FDFE-47A9-BFEC-1C3807A7B133}.Release|Any CPU.Build.0 = Release|Any CPU
	EndGlobalSection
	GlobalSection(SolutionProperties) = preSolution
		HideSolutionNode = FALSE
	EndGlobalSection
	GlobalSection(NestedProjects) = preSolution
		{B90A085C-197C-4A4A-B990-58D18899CF5C} = {CD29C185-DC6D-4A1D-8C80-8AC798B2327E}
		{658153CE-AD3B-46F8-AF53-570D63FC1756} = {CD29C185-DC6D-4A1D-8C80-8AC798B2327E}
		{46168B0F-8A58-4A77-B89C-8076111D8BDC} = {3D66AFFC-85F9-47A2-B7B3-D74702B01318}
		{5D68C82A-0F0A-4A31-A1C8-AF3112D0296C} = {2C2A6E1B-FAB1-4E35-AF1F-B48778D4452F}
		{F5074543-FDFE-47A9-BFEC-1C3807A7B133} = {EC065BFE-3511-4240-8C5F-2A54A2BC5094}
	EndGlobalSection
	GlobalSection(ExtensibilityGlobals) = postSolution
		SolutionGuid = {6A50F3EC-02DD-4A62-B566-E8F06EF3C87C}
	EndGlobalSection
EndGlobal
